schema: '2.0'
stages:
  preprocess:
    cmd: python src/preprocess.py
    deps:
    - path: data/raw-data
      md5: 195da5ca95fad28f1cfe6f0f9ca2af8c.dir
      size: 1109264
      nfiles: 23
    - path: src/preprocess.py
      md5: e8c0e21daa79539b0329f480d7000f57
      size: 11652
    params:
      params.yaml:
        preprocess.DATA_YEAR_START_PP: 2012
        preprocess.HOW_IMPUTE_NAN: sazonalidade
        preprocess.TEST_START_PP: 0.9
        preprocess.VAL_START_PP: 0.7
    outs:
    - path: data/preprocessed
      md5: eca74d419e2153f1d7d74b2b66c61b23.dir
      size: 196379
      nfiles: 3
  featurize:
    cmd: python src/featurize.py
    deps:
    - path: data/preprocessed
      md5: eca74d419e2153f1d7d74b2b66c61b23.dir
      size: 196379
      nfiles: 3
    - path: src/featurize.py
      md5: cb0aca0160ed7ddba114bacb9cb52d72
      size: 9354
    params:
      params.yaml:
        featurize.BATCH_SIZE_PRO: 32
        featurize.HOW_WINDOW_GEN_PRO: autorregressivo
        featurize.SUFFLE_BUFFER_PRO: 20
        featurize.TARGET_PERIOD_PRO: 1
        featurize.WINDOW_SIZE_PRO: 7
    outs:
    - path: data/featurized
      md5: ba889b0f2f33aa0ef683858f1a6e320e.dir
      size: 71822
      nfiles: 16
  train:
    cmd: python src/train.py
    deps:
    - path: data/featurized
      md5: ba889b0f2f33aa0ef683858f1a6e320e.dir
      size: 71822
      nfiles: 16
    - path: src/train.py
      md5: 3934c1d53e071d3f4596af890b9ac616
      size: 9827
    params:
      params.yaml:
        train.EPOCHS: 150
        train.MODEL_NAME: model_train.h5
        train.NEURONS:
        - 32
        train.PATIENCE: 30
    outs:
    - path: src/model
      md5: 8298e8afc1ba97e5d566912d231d5b0a.dir
      size: 94864
      nfiles: 1
    - path: src/valuation
      md5: ac231c23d8c05bc59c5928829811af12.dir
      size: 1249797
      nfiles: 4
