schema: '2.0'
stages:
  preprocess:
    cmd: python -m src.preprocess
    deps:
    - path: data/raw-data
      md5: 195da5ca95fad28f1cfe6f0f9ca2af8c.dir
      size: 1109264
      nfiles: 23
    - path: src/common/load_data.py
      md5: 2bd93c0e70a81df2dbd68c699d957dbf
      size: 3217
    - path: src/preprocess.py
      md5: ab76522999afc4e28ec870c5005cf4b8
      size: 16273
    params:
      params.yaml:
        featurize.WINDOW_SIZE: 60
        preprocess.DATA_YEAR_START_PP: 2012
        preprocess.HOW_IMPUTE_NAN: sazonalidade
        preprocess.TEST_START_PP:
        preprocess.VAL_START_PP: '2019-03-01'
    outs:
    - path: data/preprocessed/train_preprocessed.csv
      md5: e6c362a0dee99d69017237f1a9420068
      size: 102726
    - path: data/preprocessed/val_preprocessed.csv
      md5: 10404ee8b3df6866d08241f5bf49dd47
      size: 72344
  featurize:
    cmd: python -m src.featurize
    deps:
    - path: data/preprocessed/train_preprocessed.csv
      md5: e6c362a0dee99d69017237f1a9420068
      size: 102726
    - path: data/preprocessed/val_preprocessed.csv
      md5: 10404ee8b3df6866d08241f5bf49dd47
      size: 72344
    - path: src/common/load_data.py
      md5: 2bd93c0e70a81df2dbd68c699d957dbf
      size: 3217
    - path: src/featurize.py
      md5: 7e71a175e803297d30d65d234e61dc5f
      size: 9595
    params:
      params.yaml:
        featurize.BATCH_SIZE_PRO: 64
        featurize.HOW_INPUT_WINDOW_GEN: weekly
        featurize.HOW_TARGET_WINDOW_GEN: weekly
        featurize.MODEL_TYPE: AUTOREGRESSIVE
        featurize.SUFFLE_BUFFER_PRO: 20
        featurize.TARGET_PERIOD: 5
        featurize.WINDOW_SIZE: 60
        preprocess.TEST_START_PP:
    outs:
    - path: data/featurized/train_processed.csv
      md5: 89b78c626cfb5bd786f5ed0756275529
      size: 292856
    - path: data/featurized/val_processed.csv
      md5: c1adfc979025e907076d0a7705ce4c6f
      size: 183692
  train:
    cmd: python -m src.train
    deps:
    - path: data/featurized/train_processed.csv
      md5: 89b78c626cfb5bd786f5ed0756275529
      size: 292856
    - path: data/featurized/val_processed.csv
      md5: c1adfc979025e907076d0a7705ce4c6f
      size: 183692
    - path: src/common/load_data.py
      md5: 2bd93c0e70a81df2dbd68c699d957dbf
      size: 3217
    - path: src/train.py
      md5: e2bd3d4777a9505a156f5bcf1d4dfae8
      size: 8762
    - path: src/utils/create_model.py
      md5: a0552e2f6b9513f2287b575e2acadbbd
      size: 5296
    - path: src/utils/data_transform.py
      md5: 8dc624cdc019dd98b2a4ade6f6f8ac19
      size: 4592
    - path: src/utils/utils_evaluate.py
      md5: 45f0e93e84d55436f7ba4fa260cc602b
      size: 13709
    - path: src/utils/vault_dagshub.py
      md5: 77c44a3c0efa401de19d9975c7161972
      size: 212
    params:
      params.yaml:
        featurize.MODEL_TYPE: AUTOREGRESSIVE
        train.EPOCHS: 200
        train.LAYERS:
        - RNN
        - RNN
        train.MODEL_NAME: model_train
        train.NEURONS:
        - 128
        - 32
        train.PATIENCE: 10
    outs:
    - path: data/predicted/train.csv
      md5: 632e24972020c0d4652fd65b3f0f13de
      size: 283283
    - path: data/predicted/val.csv
      md5: 4e29abc1421a2c049f9cc46553f83ddd
      size: 178097
    - path: dvclive/metrics.json
      md5: bb7366369413a373ea1caf878be0ed80
      size: 433
    - path: dvclive/plots
      md5: 4e89013244f20dad65552a3c14d7104f.dir
      size: 3476
      nfiles: 8
    - path: evaluation/history.json
      md5: 49029b37f4e1083521c604f79a87b4b7
      size: 3160
    - path: evaluation/history_params.json
      md5: e710412b741a46704ef8f9b5be678ba8
      size: 41
    - path: evaluation/learning_curves.png
      md5: c8f27f0273f0670a1b391bf2161a9f32
      size: 155434
    - path: evaluation/metrics_semana.png
      md5: b4161cd801e9f53cfd757d33056304f0
      size: 158942
    - path: evaluation/prediction_series.png
      md5: cfd05a5d700202f48afb55db39a50d67
      size: 553264
    - path: evaluation/residuo.png
      md5: 620de384a20b39c713317c90bf1989fe
      size: 493511
  evaluate:
    cmd: python -m src.evaluate
    deps:
    - path: data/target/target_df.csv
      md5: f83be2cbc3c9d2314ed34748d137b9a6
      size: 76227
    - path: evaluation/history.json
      md5: 31cab2026891277d61947464871141b1
      size: 20035
    - path: src/common/load_data.py
      md5: 2bd93c0e70a81df2dbd68c699d957dbf
      size: 3217
    - path: src/common/utils_evaluate.py
      md5: ee96572be58dc16d4a967f1d2a1498cb
      size: 12359
    - path: src/evaluate.py
      md5: 4dcf15bcd4d8716cb7504cab36de2dc7
      size: 4521
    - path: src/model/model_train.h5
      md5: 6162a2ea06f5446fbc9944c89ec2a1f5
      size: 43664
    params:
      params.yaml:
        featurize.MODEL_TYPE: AUTOREGRESSIVE
    outs:
    - path: evaluation/learning_curves.png
      md5: 66156d98075db18d62bc9101ee087748
      size: 84314
    - path: evaluation/metrics_semana.png
      md5: c430ec0c4667c2be738fd103533dd64d
      size: 91715
    - path: evaluation/prediction_series.png
      md5: e0e64ebd83a0445345d912d9bf21f60d
      size: 814416
    - path: evaluation/residuo.png
      md5: cbe0ecbc5847e0d8a019b5bcc77404f3
      size: 135110
  generate_target:
    cmd: python -m src.generate_target
    deps:
    - path: src/common/load_data.py
      md5: 2bd93c0e70a81df2dbd68c699d957dbf
      size: 3217
    - path: src/common/target_methods.py
      md5: 11cfd5a446a8e14e5f5723e0c037637b
      size: 1182
    - path: src/preprocess.py
      md5: ab76522999afc4e28ec870c5005cf4b8
      size: 16273
    params:
      params.yaml:
        preprocess.DATA_YEAR_START_PP: 2012
        preprocess.HOW_IMPUTE_NAN: sazonalidade
    outs:
    - path: data/target/target_df.csv
      md5: f83be2cbc3c9d2314ed34748d137b9a6
      size: 76227
